
Microsoft Visual Studio Solution File, Format Version 12.00
Project("{FAE04EC0-301F-11D3-BF4B-00C04F79EFBC}") = "HolidayOptimizer.API", "HolidayOptimizer.API\HolidayOptimizer.API.csproj", "{3E7A0BDD-50FE-497C-AE8E-1983D6E75939}"
EndProject
Project("{FAE04EC0-301F-11D3-BF4B-00C04F79EFBC}") = "Nager.Date.ApiGateway", "Nager.Date.ApiGateway\Nager.Date.ApiGateway.csproj", "{F2E5C622-FBC5-40A2-95D2-851D473A97BA}"
EndProject
Project("{FAE04EC0-301F-11D3-BF4B-00C04F79EFBC}") = "HolidayOptimizer.API.Tests", "HolidayOptimizer.API.Tests\HolidayOptimizer.API.Tests.csproj", "{A1D3C4C3-D5AC-4EE8-ADAD-F9E77F52F1B3}"
EndProject
Global
	GlobalSection(SolutionConfigurationPlatforms) = preSolution
		Debug|Any CPU = Debug|Any CPU
		Release|Any CPU = Release|Any CPU
	EndGlobalSection
	GlobalSection(ProjectConfigurationPlatforms) = postSolution
		{3E7A0BDD-50FE-497C-AE8E-1983D6E75939}.Debug|Any CPU.ActiveCfg = Debug|Any CPU
		{3E7A0BDD-50FE-497C-AE8E-1983D6E75939}.Debug|Any CPU.Build.0 = Debug|Any CPU
		{3E7A0BDD-50FE-497C-AE8E-1983D6E75939}.Release|Any CPU.ActiveCfg = Release|Any CPU
		{3E7A0BDD-50FE-497C-AE8E-1983D6E75939}.Release|Any CPU.Build.0 = Release|Any CPU
		{F2E5C622-FBC5-40A2-95D2-851D473A97BA}.Debug|Any CPU.ActiveCfg = Debug|Any CPU
		{F2E5C622-FBC5-40A2-95D2-851D473A97BA}.Debug|Any CPU.Build.0 = Debug|Any CPU
		{F2E5C622-FBC5-40A2-95D2-851D473A97BA}.Release|Any CPU.ActiveCfg = Release|Any CPU
		{F2E5C622-FBC5-40A2-95D2-851D473A97BA}.Release|Any CPU.Build.0 = Release|Any CPU
		{A1D3C4C3-D5AC-4EE8-ADAD-F9E77F52F1B3}.Debug|Any CPU.ActiveCfg = Debug|Any CPU
		{A1D3C4C3-D5AC-4EE8-ADAD-F9E77F52F1B3}.Debug|Any CPU.Build.0 = Debug|Any CPU
		{A1D3C4C3-D5AC-4EE8-ADAD-F9E77F52F1B3}.Release|Any CPU.ActiveCfg = Release|Any CPU
		{A1D3C4C3-D5AC-4EE8-ADAD-F9E77F52F1B3}.Release|Any CPU.Build.0 = Release|Any CPU
	EndGlobalSection
EndGlobal
